
Microsoft Visual Studio Solution File, Format Version 12.00
# Visual Studio Version 17
VisualStudioVersion = 17.6.33815.320
MinimumVisualStudioVersion = 10.0.40219.1
Project("{FAE04EC0-301F-11D3-BF4B-00C04F79EFBC}") = "DefaultWebApplication", "DefaultWebApplication\DefaultWebApplication.csproj", "{2C7F13CD-6909-47DD-86B3-66AB8F7DA0AE}"
EndProject
Global
	GlobalSection(SolutionConfigurationPlatforms) = preSolution
		Debug|Any CPU = Debug|Any CPU
		Release|Any CPU = Release|Any CPU
	EndGlobalSection
	GlobalSection(ProjectConfigurationPlatforms) = postSolution
		{2C7F13CD-6909-47DD-86B3-66AB8F7DA0AE}.Debug|Any CPU.ActiveCfg = Debug|Any CPU
		{2C7F13CD-6909-47DD-86B3-66AB8F7DA0AE}.Debug|Any CPU.Build.0 = Debug|Any CPU
		{2C7F13CD-6909-47DD-86B3-66AB8F7DA0AE}.Release|Any CPU.ActiveCfg = Release|Any CPU
		{2C7F13CD-6909-47DD-86B3-66AB8F7DA0AE}.Release|Any CPU.Build.0 = Release|Any CPU
	EndGlobalSection
	GlobalSection(SolutionProperties) = preSolution
		HideSolutionNode = FALSE
	EndGlobalSection
	GlobalSection(ExtensibilityGlobals) = postSolution
		SolutionGuid = {5158FAAA-04FF-4E0B-9059-EB9159D040A3}
	EndGlobalSection
EndGlobal
